
Microsoft Visual Studio Solution File, Format Version 12.00
# Visual Studio Version 17
VisualStudioVersion = 17.9.34728.123
MinimumVisualStudioVersion = 10.0.40219.1
Project("{FAE04EC0-301F-11D3-BF4B-00C04F79EFBC}") = "AppLogin.Android", "AppLogin\AppLogin.Android\AppLogin.Android.csproj", "{AC334DBB-E85D-47A2-8434-B257421E9A3A}"
EndProject
Project("{FAE04EC0-301F-11D3-BF4B-00C04F79EFBC}") = "AppLogin", "AppLogin\AppLogin\AppLogin.csproj", "{C60E544B-099F-45B2-8D7D-9732EB6A96A1}"
EndProject
Global
	GlobalSection(SolutionConfigurationPlatforms) = preSolution
		Debug|Any CPU = Debug|Any CPU
		Release|Any CPU = Release|Any CPU
	EndGlobalSection
	GlobalSection(ProjectConfigurationPlatforms) = postSolution
		{AC334DBB-E85D-47A2-8434-B257421E9A3A}.Debug|Any CPU.ActiveCfg = Debug|Any CPU
		{AC334DBB-E85D-47A2-8434-B257421E9A3A}.Debug|Any CPU.Build.0 = Debug|Any CPU
		{AC334DBB-E85D-47A2-8434-B257421E9A3A}.Debug|Any CPU.Deploy.0 = Debug|Any CPU
		{AC334DBB-E85D-47A2-8434-B257421E9A3A}.Release|Any CPU.ActiveCfg = Release|Any CPU
		{AC334DBB-E85D-47A2-8434-B257421E9A3A}.Release|Any CPU.Build.0 = Release|Any CPU
		{AC334DBB-E85D-47A2-8434-B257421E9A3A}.Release|Any CPU.Deploy.0 = Release|Any CPU
		{C60E544B-099F-45B2-8D7D-9732EB6A96A1}.Debug|Any CPU.ActiveCfg = Debug|Any CPU
		{C60E544B-099F-45B2-8D7D-9732EB6A96A1}.Debug|Any CPU.Build.0 = Debug|Any CPU
		{C60E544B-099F-45B2-8D7D-9732EB6A96A1}.Debug|Any CPU.Deploy.0 = Debug|Any CPU
		{C60E544B-099F-45B2-8D7D-9732EB6A96A1}.Release|Any CPU.ActiveCfg = Release|Any CPU
		{C60E544B-099F-45B2-8D7D-9732EB6A96A1}.Release|Any CPU.Build.0 = Release|Any CPU
		{C60E544B-099F-45B2-8D7D-9732EB6A96A1}.Release|Any CPU.Deploy.0 = Release|Any CPU
	EndGlobalSection
	GlobalSection(SolutionProperties) = preSolution
		HideSolutionNode = FALSE
	EndGlobalSection
	GlobalSection(ExtensibilityGlobals) = postSolution
		SolutionGuid = {C2D451F1-1D51-465C-AC32-8C53AB559F16}
	EndGlobalSection
EndGlobal
